
Microsoft Visual Studio Solution File, Format Version 12.00
# Visual Studio Version 16
VisualStudioVersion = 16.0.29418.71
MinimumVisualStudioVersion = 10.0.40219.1
Project("{9A19103F-16F7-4668-BE54-9A1E7A4F7556}") = "RabbitMQHelper", "RabbitMQHelper.csproj", "{58E9E005-0F03-4B51-B8BA-0E8B5AE96AEE}"
EndProject
Project("{FAE04EC0-301F-11D3-BF4B-00C04F79EFBC}") = "PublicDAL", "..\PublicDAL\PublicDAL.csproj", "{7AAAEFC8-0778-4DD6-AB75-57897F2C1A6D}"
EndProject
Global
	GlobalSection(SolutionConfigurationPlatforms) = preSolution
		Debug|Any CPU = Debug|Any CPU
		Release|Any CPU = Release|Any CPU
	EndGlobalSection
	GlobalSection(ProjectConfigurationPlatforms) = postSolution
		{58E9E005-0F03-4B51-B8BA-0E8B5AE96AEE}.Debug|Any CPU.ActiveCfg = Debug|Any CPU
		{58E9E005-0F03-4B51-B8BA-0E8B5AE96AEE}.Debug|Any CPU.Build.0 = Debug|Any CPU
		{58E9E005-0F03-4B51-B8BA-0E8B5AE96AEE}.Release|Any CPU.ActiveCfg = Release|Any CPU
		{58E9E005-0F03-4B51-B8BA-0E8B5AE96AEE}.Release|Any CPU.Build.0 = Release|Any CPU
		{7AAAEFC8-0778-4DD6-AB75-57897F2C1A6D}.Debug|Any CPU.ActiveCfg = Debug|Any CPU
		{7AAAEFC8-0778-4DD6-AB75-57897F2C1A6D}.Debug|Any CPU.Build.0 = Debug|Any CPU
		{7AAAEFC8-0778-4DD6-AB75-57897F2C1A6D}.Release|Any CPU.ActiveCfg = Release|Any CPU
		{7AAAEFC8-0778-4DD6-AB75-57897F2C1A6D}.Release|Any CPU.Build.0 = Release|Any CPU
	EndGlobalSection
	GlobalSection(SolutionProperties) = preSolution
		HideSolutionNode = FALSE
	EndGlobalSection
	GlobalSection(ExtensibilityGlobals) = postSolution
		SolutionGuid = {5D39B58B-D67F-4012-A22E-A1F9EBE69B00}
	EndGlobalSection
EndGlobal
